
Microsoft Visual Studio Solution File, Format Version 12.00
# Visual Studio Version 17
VisualStudioVersion = 17.0.31912.275
MinimumVisualStudioVersion = 10.0.40219.1
Project("{8BC9CEB8-8B4A-11D0-8D11-00A0C91BC942}") = "Maze_dz_function", "Maze_dz_function\Maze_dz_function.vcxproj", "{B7184329-6EBE-43CD-8398-888E02727AD5}"
EndProject
Global
	GlobalSection(SolutionConfigurationPlatforms) = preSolution
		Debug|x64 = Debug|x64
		Debug|x86 = Debug|x86
		Release|x64 = Release|x64
		Release|x86 = Release|x86
	EndGlobalSection
	GlobalSection(ProjectConfigurationPlatforms) = postSolution
		{B7184329-6EBE-43CD-8398-888E02727AD5}.Debug|x64.ActiveCfg = Debug|x64
		{B7184329-6EBE-43CD-8398-888E02727AD5}.Debug|x64.Build.0 = Debug|x64
		{B7184329-6EBE-43CD-8398-888E02727AD5}.Debug|x86.ActiveCfg = Debug|Win32
		{B7184329-6EBE-43CD-8398-888E02727AD5}.Debug|x86.Build.0 = Debug|Win32
		{B7184329-6EBE-43CD-8398-888E02727AD5}.Release|x64.ActiveCfg = Release|x64
		{B7184329-6EBE-43CD-8398-888E02727AD5}.Release|x64.Build.0 = Release|x64
		{B7184329-6EBE-43CD-8398-888E02727AD5}.Release|x86.ActiveCfg = Release|Win32
		{B7184329-6EBE-43CD-8398-888E02727AD5}.Release|x86.Build.0 = Release|Win32
	EndGlobalSection
	GlobalSection(SolutionProperties) = preSolution
		HideSolutionNode = FALSE
	EndGlobalSection
	GlobalSection(ExtensibilityGlobals) = postSolution
		SolutionGuid = {EECF1BBA-81F9-452B-968A-3B4B5BB3AD21}
	EndGlobalSection
EndGlobal
